
Microsoft Visual Studio Solution File, Format Version 12.00
# Visual Studio 15
VisualStudioVersion = 15.0.28010.0
MinimumVisualStudioVersion = 10.0.40219.1
Project("{FAE04EC0-301F-11D3-BF4B-00C04F79EFBC}") = "TankApp1", "TankApp1\TankApp1.csproj", "{4CE039F7-86BE-467A-9CFD-12CC0F83075F}"
EndProject
Global
	GlobalSection(SolutionConfigurationPlatforms) = preSolution
		Debug|Any CPU = Debug|Any CPU
		Release|Any CPU = Release|Any CPU
	EndGlobalSection
	GlobalSection(ProjectConfigurationPlatforms) = postSolution
		{4CE039F7-86BE-467A-9CFD-12CC0F83075F}.Debug|Any CPU.ActiveCfg = Debug|Any CPU
		{4CE039F7-86BE-467A-9CFD-12CC0F83075F}.Debug|Any CPU.Build.0 = Debug|Any CPU
		{4CE039F7-86BE-467A-9CFD-12CC0F83075F}.Release|Any CPU.ActiveCfg = Release|Any CPU
		{4CE039F7-86BE-467A-9CFD-12CC0F83075F}.Release|Any CPU.Build.0 = Release|Any CPU
	EndGlobalSection
	GlobalSection(SolutionProperties) = preSolution
		HideSolutionNode = FALSE
	EndGlobalSection
	GlobalSection(ExtensibilityGlobals) = postSolution
		SolutionGuid = {CDABB140-3248-4B4C-9B4C-E482812C6D15}
	EndGlobalSection
EndGlobal
