
Microsoft Visual Studio Solution File, Format Version 12.00
# Visual Studio Version 17
VisualStudioVersion = 17.1.32210.238
MinimumVisualStudioVersion = 10.0.40219.1
Project("{FAE04EC0-301F-11D3-BF4B-00C04F79EFBC}") = "ReceiveMessages", "ReceiveMessages\ReceiveMessages.csproj", "{3858EFB6-D590-425E-BC36-37A812E66A2F}"
EndProject
Global
	GlobalSection(SolutionConfigurationPlatforms) = preSolution
		Debug|Any CPU = Debug|Any CPU
		Release|Any CPU = Release|Any CPU
	EndGlobalSection
	GlobalSection(ProjectConfigurationPlatforms) = postSolution
		{3858EFB6-D590-425E-BC36-37A812E66A2F}.Debug|Any CPU.ActiveCfg = Debug|Any CPU
		{3858EFB6-D590-425E-BC36-37A812E66A2F}.Debug|Any CPU.Build.0 = Debug|Any CPU
		{3858EFB6-D590-425E-BC36-37A812E66A2F}.Release|Any CPU.ActiveCfg = Release|Any CPU
		{3858EFB6-D590-425E-BC36-37A812E66A2F}.Release|Any CPU.Build.0 = Release|Any CPU
	EndGlobalSection
	GlobalSection(SolutionProperties) = preSolution
		HideSolutionNode = FALSE
	EndGlobalSection
	GlobalSection(ExtensibilityGlobals) = postSolution
		SolutionGuid = {CE6B81B3-3431-4702-B3F8-974736FA3288}
	EndGlobalSection
EndGlobal
